
Microsoft Visual Studio Solution File, Format Version 12.00
# Visual Studio Version 16
VisualStudioVersion = 16.0.28922.388
MinimumVisualStudioVersion = 10.0.40219.1
Project("{FAE04EC0-301F-11D3-BF4B-00C04F79EFBC}") = "Biblioteka", "Biblioteka.csproj", "{FFC71F5F-7160-4DF9-BD30-96732F2E647D}"
EndProject
Global
	GlobalSection(SolutionConfigurationPlatforms) = preSolution
		Debug|Any CPU = Debug|Any CPU
		Release|Any CPU = Release|Any CPU
	EndGlobalSection
	GlobalSection(ProjectConfigurationPlatforms) = postSolution
		{FFC71F5F-7160-4DF9-BD30-96732F2E647D}.Debug|Any CPU.ActiveCfg = Debug|Any CPU
		{FFC71F5F-7160-4DF9-BD30-96732F2E647D}.Debug|Any CPU.Build.0 = Debug|Any CPU
		{FFC71F5F-7160-4DF9-BD30-96732F2E647D}.Release|Any CPU.ActiveCfg = Release|Any CPU
		{FFC71F5F-7160-4DF9-BD30-96732F2E647D}.Release|Any CPU.Build.0 = Release|Any CPU
	EndGlobalSection
	GlobalSection(SolutionProperties) = preSolution
		HideSolutionNode = FALSE
	EndGlobalSection
	GlobalSection(ExtensibilityGlobals) = postSolution
		SolutionGuid = {C0E36519-D15A-4DDC-9165-0FFA106260CB}
	EndGlobalSection
EndGlobal
